
Microsoft Visual Studio Solution File, Format Version 12.00
# Visual Studio 2013
VisualStudioVersion = 12.0.21005.1
MinimumVisualStudioVersion = 10.0.40219.1
Project("{FAE04EC0-301F-11D3-BF4B-00C04F79EFBC}") = "RedGate.AppHost.Interfaces", "RedGate.AppHost.Interfaces\RedGate.AppHost.Interfaces.csproj", "{3084D987-50DD-43A5-9CF3-CE550513F8D0}"
EndProject
Project("{FAE04EC0-301F-11D3-BF4B-00C04F79EFBC}") = "RedGate.AppHost.Server", "RedGate.AppHost.Server\RedGate.AppHost.Server.csproj", "{DA6AC02A-EAA5-4C61-81BD-1BA3BB615C44}"
EndProject
Project("{FAE04EC0-301F-11D3-BF4B-00C04F79EFBC}") = "RedGate.AppHost.Remoting", "RedGate.AppHost.Remoting\RedGate.AppHost.Remoting.csproj", "{B26AA798-4734-434A-9875-7E9000ED24F5}"
EndProject
Project("{FAE04EC0-301F-11D3-BF4B-00C04F79EFBC}") = "RedGate.AppHost.Client", "RedGate.AppHost.Client\RedGate.AppHost.Client.csproj", "{99836D0F-4605-445C-8B4D-4BEF55963477}"
EndProject
Project("{FAE04EC0-301F-11D3-BF4B-00C04F79EFBC}") = "RedGate.AppHost.Example.Client", "RedGate.AppHost.Example.Client\RedGate.AppHost.Example.Client.csproj", "{01D94911-0A29-47FB-9691-10ABFD0B78AB}"
EndProject
Project("{2150E333-8FDC-42A3-9474-1A3956D46DE8}") = "Example", "Example", "{7B141F5F-D3EE-4D11-90A5-C65AD6F709B5}"
EndProject
Project("{FAE04EC0-301F-11D3-BF4B-00C04F79EFBC}") = "RedGate.AppHost.Example.Server", "RedGate.AppHost.Example.Server\RedGate.AppHost.Example.Server.csproj", "{516C4CE3-F671-4E6A-A55D-952D08D3850E}"
EndProject
Project("{2150E333-8FDC-42A3-9474-1A3956D46DE8}") = "NuSpec", "NuSpec", "{F17E9FBD-DD6E-4207-8C45-CFF4E643DDFD}"
	ProjectSection(SolutionItems) = preProject
		NuSpec\RedGate.AppHost.nuspec = NuSpec\RedGate.AppHost.nuspec
	EndProjectSection
EndProject
Project("{FAE04EC0-301F-11D3-BF4B-00C04F79EFBC}") = "RedGate.AppHost.Remoting.WPF", "RedGate.AppHost.Remoting.WPF\RedGate.AppHost.Remoting.WPF.csproj", "{24E71C6D-17CB-4D61-A092-EF1A37F7CD70}"
EndProject
Global
	GlobalSection(SolutionConfigurationPlatforms) = preSolution
		Debug|Any CPU = Debug|Any CPU
		Release|Any CPU = Release|Any CPU
	EndGlobalSection
	GlobalSection(ProjectConfigurationPlatforms) = postSolution
		{3084D987-50DD-43A5-9CF3-CE550513F8D0}.Debug|Any CPU.ActiveCfg = Debug|Any CPU
		{3084D987-50DD-43A5-9CF3-CE550513F8D0}.Debug|Any CPU.Build.0 = Debug|Any CPU
		{3084D987-50DD-43A5-9CF3-CE550513F8D0}.Release|Any CPU.ActiveCfg = Release|Any CPU
		{3084D987-50DD-43A5-9CF3-CE550513F8D0}.Release|Any CPU.Build.0 = Release|Any CPU
		{DA6AC02A-EAA5-4C61-81BD-1BA3BB615C44}.Debug|Any CPU.ActiveCfg = Debug|Any CPU
		{DA6AC02A-EAA5-4C61-81BD-1BA3BB615C44}.Debug|Any CPU.Build.0 = Debug|Any CPU
		{DA6AC02A-EAA5-4C61-81BD-1BA3BB615C44}.Release|Any CPU.ActiveCfg = Release|Any CPU
		{DA6AC02A-EAA5-4C61-81BD-1BA3BB615C44}.Release|Any CPU.Build.0 = Release|Any CPU
		{B26AA798-4734-434A-9875-7E9000ED24F5}.Debug|Any CPU.ActiveCfg = Debug|Any CPU
		{B26AA798-4734-434A-9875-7E9000ED24F5}.Debug|Any CPU.Build.0 = Debug|Any CPU
		{B26AA798-4734-434A-9875-7E9000ED24F5}.Release|Any CPU.ActiveCfg = Release|Any CPU
		{B26AA798-4734-434A-9875-7E9000ED24F5}.Release|Any CPU.Build.0 = Release|Any CPU
		{99836D0F-4605-445C-8B4D-4BEF55963477}.Debug|Any CPU.ActiveCfg = Debug|Any CPU
		{99836D0F-4605-445C-8B4D-4BEF55963477}.Debug|Any CPU.Build.0 = Debug|Any CPU
		{99836D0F-4605-445C-8B4D-4BEF55963477}.Release|Any CPU.ActiveCfg = Release|Any CPU
		{99836D0F-4605-445C-8B4D-4BEF55963477}.Release|Any CPU.Build.0 = Release|Any CPU
		{01D94911-0A29-47FB-9691-10ABFD0B78AB}.Debug|Any CPU.ActiveCfg = Debug|Any CPU
		{01D94911-0A29-47FB-9691-10ABFD0B78AB}.Debug|Any CPU.Build.0 = Debug|Any CPU
		{01D94911-0A29-47FB-9691-10ABFD0B78AB}.Release|Any CPU.ActiveCfg = Release|Any CPU
		{01D94911-0A29-47FB-9691-10ABFD0B78AB}.Release|Any CPU.Build.0 = Release|Any CPU
		{516C4CE3-F671-4E6A-A55D-952D08D3850E}.Debug|Any CPU.ActiveCfg = Debug|Any CPU
		{516C4CE3-F671-4E6A-A55D-952D08D3850E}.Debug|Any CPU.Build.0 = Debug|Any CPU
		{516C4CE3-F671-4E6A-A55D-952D08D3850E}.Release|Any CPU.ActiveCfg = Release|Any CPU
		{516C4CE3-F671-4E6A-A55D-952D08D3850E}.Release|Any CPU.Build.0 = Release|Any CPU
		{24E71C6D-17CB-4D61-A092-EF1A37F7CD70}.Debug|Any CPU.ActiveCfg = Debug|Any CPU
		{24E71C6D-17CB-4D61-A092-EF1A37F7CD70}.Debug|Any CPU.Build.0 = Debug|Any CPU
		{24E71C6D-17CB-4D61-A092-EF1A37F7CD70}.Release|Any CPU.ActiveCfg = Release|Any CPU
		{24E71C6D-17CB-4D61-A092-EF1A37F7CD70}.Release|Any CPU.Build.0 = Release|Any CPU
	EndGlobalSection
	GlobalSection(SolutionProperties) = preSolution
		HideSolutionNode = FALSE
	EndGlobalSection
	GlobalSection(NestedProjects) = preSolution
		{01D94911-0A29-47FB-9691-10ABFD0B78AB} = {7B141F5F-D3EE-4D11-90A5-C65AD6F709B5}
		{516C4CE3-F671-4E6A-A55D-952D08D3850E} = {7B141F5F-D3EE-4D11-90A5-C65AD6F709B5}
	EndGlobalSection
EndGlobal
